
Microsoft Visual Studio Solution File, Format Version 12.00
# Visual Studio Version 17
VisualStudioVersion = 17.0.31903.59
MinimumVisualStudioVersion = 10.0.40219.1
Project("{9A19103F-16F7-4668-BE54-9A1E7A4F7556}") = "YgoProDeck.Lib", "YgoProDeck.Lib\YgoProDeck.Lib.csproj", "{8511763E-63E0-495B-8511-13313E708A20}"
EndProject
Project("{9A19103F-16F7-4668-BE54-9A1E7A4F7556}") = "YgoProDeck.Telegram", "YgoProDeck.Telegram\YgoProDeck.Telegram.csproj", "{88E95ED1-6CBF-4ED7-B45C-2783816FB896}"
EndProject
Project("{FAE04EC0-301F-11D3-BF4B-00C04F79EFBC}") = "YgoProDeck.Test", "YgoProDeck.Test\YgoProDeck.Test.csproj", "{81576B87-CF9B-496C-854A-180CD1A2F4FA}"
EndProject
Global
	GlobalSection(SolutionConfigurationPlatforms) = preSolution
		Debug|Any CPU = Debug|Any CPU
		Release|Any CPU = Release|Any CPU
	EndGlobalSection
	GlobalSection(ProjectConfigurationPlatforms) = postSolution
		{8511763E-63E0-495B-8511-13313E708A20}.Debug|Any CPU.ActiveCfg = Debug|Any CPU
		{8511763E-63E0-495B-8511-13313E708A20}.Debug|Any CPU.Build.0 = Debug|Any CPU
		{8511763E-63E0-495B-8511-13313E708A20}.Release|Any CPU.ActiveCfg = Release|Any CPU
		{8511763E-63E0-495B-8511-13313E708A20}.Release|Any CPU.Build.0 = Release|Any CPU
		{88E95ED1-6CBF-4ED7-B45C-2783816FB896}.Debug|Any CPU.ActiveCfg = Debug|Any CPU
		{88E95ED1-6CBF-4ED7-B45C-2783816FB896}.Debug|Any CPU.Build.0 = Debug|Any CPU
		{88E95ED1-6CBF-4ED7-B45C-2783816FB896}.Release|Any CPU.ActiveCfg = Release|Any CPU
		{88E95ED1-6CBF-4ED7-B45C-2783816FB896}.Release|Any CPU.Build.0 = Release|Any CPU
		{81576B87-CF9B-496C-854A-180CD1A2F4FA}.Debug|Any CPU.ActiveCfg = Debug|Any CPU
		{81576B87-CF9B-496C-854A-180CD1A2F4FA}.Debug|Any CPU.Build.0 = Debug|Any CPU
		{81576B87-CF9B-496C-854A-180CD1A2F4FA}.Release|Any CPU.ActiveCfg = Release|Any CPU
		{81576B87-CF9B-496C-854A-180CD1A2F4FA}.Release|Any CPU.Build.0 = Release|Any CPU
	EndGlobalSection
	GlobalSection(SolutionProperties) = preSolution
		HideSolutionNode = FALSE
	EndGlobalSection
	GlobalSection(ExtensibilityGlobals) = postSolution
		SolutionGuid = {8DDAA69E-91C4-4867-B9E1-FE7B826C4FB4}
	EndGlobalSection
EndGlobal
